name: Generate MCP client lockfile

on:
  push:
    branches:
      - docs/mcp-reference-integration-design

permissions:
  contents: read

jobs:
  lockfile:
    runs-on: ubuntu-latest
    steps:
      - name: Checkout Demo
        uses: actions/checkout@v6

      - name: Resolve Gemfile.lock
        run: docker run --rm -v "$PWD:/app" -w /app ruby:3.4.10-slim sh -lc 'apt-get update -qq && apt-get install --no-install-recommends -y build-essential libpq-dev git >/dev/null && bundle lock'

      - name: Upload generated lockfile
        uses: actions/upload-artifact@v4
        with:
          name: mcp-client-gemfile-lock
          path: Gemfile.lock
